// !$*UTF8*$!
{archiveVersion = 1; classes = {}; objectVersion = 56; objects = {
BD807657989E4E475F52F68C = {isa = PBXFileReference; lastKnownFileType = sourcecode.swift; path = "Livecript/App/LivecriptApp.swift"; sourceTree = SOURCE_ROOT;};
6A2750D6FB7B2C4D07D47C13 = {isa = PBXBuildFile; fileRef = BD807657989E4E475F52F68C;};
2D764CD838DB39F040AA7EC4 = {isa = PBXSourcesBuildPhase; buildActionMask = 2147483647; files = (6A2750D6FB7B2C4D07D47C13); runOnlyForDeploymentPostprocessing = 0;};
4ABE2D3A7C0ED6A1AFFABD28 = {isa = PBXFileReference; lastKnownFileType = sourcecode.swift; path = "LivecriptTests/BootstrapTests.swift"; sourceTree = SOURCE_ROOT;};
EC54E7F17FADD5CA03FA8A13 = {isa = PBXBuildFile; fileRef = 4ABE2D3A7C0ED6A1AFFABD28;};
9F3002A5D69B22D357A58AA9 = {isa = PBXSourcesBuildPhase; buildActionMask = 2147483647; files = (EC54E7F17FADD5CA03FA8A13); runOnlyForDeploymentPostprocessing = 0;};
8BCD5BC4CDFDF0918087C782 = {isa = PBXFileReference; explicitFileType = wrapper.application; path = Livecript.app; sourceTree = BUILT_PRODUCTS_DIR;};
F219C0274590DA45E4BEF1EA = {isa = PBXFileReference; explicitFileType = wrapper.cfbundle; path = LivecriptTests.xctest; sourceTree = BUILT_PRODUCTS_DIR;};
3685E330EC5277A9DD5661C6 = {isa = PBXFileReference; lastKnownFileType = folder.assetcatalog; path = Livecript/Resources/Assets.xcassets; sourceTree = SOURCE_ROOT;};
CF8A4D27E1C506A7C75A76BE = {isa = PBXBuildFile; fileRef = 3685E330EC5277A9DD5661C6;};
06F5DC629BD46AAFD46564D1 = {isa = PBXResourcesBuildPhase; buildActionMask = 2147483647; files = (CF8A4D27E1C506A7C75A76BE); runOnlyForDeploymentPostprocessing = 0;};
64292B1C2B2E13EAD8788FC8 = {isa = PBXGroup; children = (BD807657989E4E475F52F68C,4ABE2D3A7C0ED6A1AFFABD28,3685E330EC5277A9DD5661C6,8BCD5BC4CDFDF0918087C782,F219C0274590DA45E4BEF1EA); sourceTree = "<group>";};
89E1FD6268CC0F221A2BE178 = {isa = XCBuildConfiguration; name = Debug; buildSettings = {IPHONEOS_DEPLOYMENT_TARGET = 26.0; SDKROOT = iphoneos; SWIFT_VERSION = 5.0; CLANG_ENABLE_MODULES = YES; SWIFT_STRICT_CONCURRENCY = complete; ENABLE_TESTABILITY = YES; SWIFT_OPTIMIZATION_LEVEL = "-Onone"; DEBUG_INFORMATION_FORMAT = dwarf; GCC_PREPROCESSOR_DEFINITIONS = "$(inherited)";};};
E6DE6C99132752C914FEF632 = {isa = XCBuildConfiguration; name = Release; buildSettings = {IPHONEOS_DEPLOYMENT_TARGET = 26.0; SDKROOT = iphoneos; SWIFT_VERSION = 5.0; CLANG_ENABLE_MODULES = YES; SWIFT_STRICT_CONCURRENCY = complete; ENABLE_TESTABILITY = NO; SWIFT_OPTIMIZATION_LEVEL = "-O"; DEBUG_INFORMATION_FORMAT = dwarf; GCC_PREPROCESSOR_DEFINITIONS = "$(inherited)";};};
862894B703A6DEDF96A9DD6C = {isa = XCConfigurationList; buildConfigurations = (89E1FD6268CC0F221A2BE178,E6DE6C99132752C914FEF632); defaultConfigurationIsVisible = 0; defaultConfigurationName = Release;};
E9B2E96ABC5F6856F2BE79CF = {isa = XCBuildConfiguration; name = Debug; buildSettings = {IPHONEOS_DEPLOYMENT_TARGET = 26.0; SDKROOT = iphoneos; SWIFT_VERSION = 5.0; CLANG_ENABLE_MODULES = YES; SWIFT_STRICT_CONCURRENCY = complete; ENABLE_TESTABILITY = YES; SWIFT_OPTIMIZATION_LEVEL = "-Onone"; DEBUG_INFORMATION_FORMAT = dwarf; GCC_PREPROCESSOR_DEFINITIONS = "$(inherited)"; PRODUCT_NAME = "$(TARGET_NAME)"; PRODUCT_BUNDLE_IDENTIFIER = com.leboxis.livecript; TARGETED_DEVICE_FAMILY = 1; CODE_SIGN_STYLE = Automatic; GENERATE_INFOPLIST_FILE = YES; CURRENT_PROJECT_VERSION = 1; MARKETING_VERSION = 1.0.0; INFOPLIST_FILE = Livecript/Resources/Info.plist; ASSETCATALOG_COMPILER_APPICON_NAME = AppIcon;};};
5A8C91857F674E16E2724F47 = {isa = XCBuildConfiguration; name = Release; buildSettings = {IPHONEOS_DEPLOYMENT_TARGET = 26.0; SDKROOT = iphoneos; SWIFT_VERSION = 5.0; CLANG_ENABLE_MODULES = YES; SWIFT_STRICT_CONCURRENCY = complete; ENABLE_TESTABILITY = NO; SWIFT_OPTIMIZATION_LEVEL = "-O"; DEBUG_INFORMATION_FORMAT = dwarf; GCC_PREPROCESSOR_DEFINITIONS = "$(inherited)"; PRODUCT_NAME = "$(TARGET_NAME)"; PRODUCT_BUNDLE_IDENTIFIER = com.leboxis.livecript; TARGETED_DEVICE_FAMILY = 1; CODE_SIGN_STYLE = Automatic; GENERATE_INFOPLIST_FILE = YES; CURRENT_PROJECT_VERSION = 1; MARKETING_VERSION = 1.0.0; INFOPLIST_FILE = Livecript/Resources/Info.plist; ASSETCATALOG_COMPILER_APPICON_NAME = AppIcon;};};
F37922C48DA5978D02C9E50E = {isa = XCConfigurationList; buildConfigurations = (E9B2E96ABC5F6856F2BE79CF,5A8C91857F674E16E2724F47); defaultConfigurationIsVisible = 0; defaultConfigurationName = Release;};
FCB48D8F88BCDB0ED9FADFD7 = {isa = XCBuildConfiguration; name = Debug; buildSettings = {IPHONEOS_DEPLOYMENT_TARGET = 26.0; SDKROOT = iphoneos; SWIFT_VERSION = 5.0; CLANG_ENABLE_MODULES = YES; SWIFT_STRICT_CONCURRENCY = complete; ENABLE_TESTABILITY = YES; SWIFT_OPTIMIZATION_LEVEL = "-Onone"; DEBUG_INFORMATION_FORMAT = dwarf; GCC_PREPROCESSOR_DEFINITIONS = "$(inherited)"; PRODUCT_NAME = "$(TARGET_NAME)"; PRODUCT_BUNDLE_IDENTIFIER = com.leboxis.livecript.tests; TARGETED_DEVICE_FAMILY = 1; CODE_SIGN_STYLE = Automatic; GENERATE_INFOPLIST_FILE = YES; CURRENT_PROJECT_VERSION = 1; MARKETING_VERSION = 1.0.0; TEST_HOST = "$(BUILT_PRODUCTS_DIR)/Livecript.app/$(BUNDLE_EXECUTABLE_FOLDER_PATH)/Livecript"; BUNDLE_LOADER = "$(TEST_HOST)";};};
942EEBBACD6C88CAE7F29B29 = {isa = XCBuildConfiguration; name = Release; buildSettings = {IPHONEOS_DEPLOYMENT_TARGET = 26.0; SDKROOT = iphoneos; SWIFT_VERSION = 5.0; CLANG_ENABLE_MODULES = YES; SWIFT_STRICT_CONCURRENCY = complete; ENABLE_TESTABILITY = NO; SWIFT_OPTIMIZATION_LEVEL = "-O"; DEBUG_INFORMATION_FORMAT = dwarf; GCC_PREPROCESSOR_DEFINITIONS = "$(inherited)"; PRODUCT_NAME = "$(TARGET_NAME)"; PRODUCT_BUNDLE_IDENTIFIER = com.leboxis.livecript.tests; TARGETED_DEVICE_FAMILY = 1; CODE_SIGN_STYLE = Automatic; GENERATE_INFOPLIST_FILE = YES; CURRENT_PROJECT_VERSION = 1; MARKETING_VERSION = 1.0.0; TEST_HOST = "$(BUILT_PRODUCTS_DIR)/Livecript.app/$(BUNDLE_EXECUTABLE_FOLDER_PATH)/Livecript"; BUNDLE_LOADER = "$(TEST_HOST)";};};
BECB265224D91761C05FDA33 = {isa = XCConfigurationList; buildConfigurations = (FCB48D8F88BCDB0ED9FADFD7,942EEBBACD6C88CAE7F29B29); defaultConfigurationIsVisible = 0; defaultConfigurationName = Release;};
D799BAE6088A90139B415FCC = {isa = PBXContainerItemProxy; containerPortal = 98F54143AB4E86B28C3AFEE0; proxyType = 1; remoteGlobalIDString = 7D1043473D55BFA90E8530D3; remoteInfo = Livecript;};
E9FAD0C6CD43534327C0AF90 = {isa = PBXTargetDependency; target = 7D1043473D55BFA90E8530D3; targetProxy = D799BAE6088A90139B415FCC;};
7D1043473D55BFA90E8530D3 = {isa = PBXNativeTarget; buildConfigurationList = F37922C48DA5978D02C9E50E; buildPhases = (2D764CD838DB39F040AA7EC4,06F5DC629BD46AAFD46564D1); buildRules = (); dependencies = (); name = Livecript; productName = Livecript; productReference = 8BCD5BC4CDFDF0918087C782; productType = "com.apple.product-type.application";};
A94A8FE5CCB19BA61C4C0873 = {isa = PBXNativeTarget; buildConfigurationList = BECB265224D91761C05FDA33; buildPhases = (9F3002A5D69B22D357A58AA9); buildRules = (); dependencies = (E9FAD0C6CD43534327C0AF90); name = LivecriptTests; productName = LivecriptTests; productReference = F219C0274590DA45E4BEF1EA; productType = "com.apple.product-type.bundle.unit-test";};
98F54143AB4E86B28C3AFEE0 = {isa = PBXProject; attributes = {LastUpgradeCheck = 2600;}; buildConfigurationList = 862894B703A6DEDF96A9DD6C; compatibilityVersion = "Xcode 14.0"; developmentRegion = fr; knownRegions = (fr,en,Base); mainGroup = 64292B1C2B2E13EAD8788FC8; projectDirPath = ""; projectRoot = ""; targets = (7D1043473D55BFA90E8530D3,A94A8FE5CCB19BA61C4C0873);};
}; rootObject = 98F54143AB4E86B28C3AFEE0;}
